
Microsoft Visual Studio Solution File, Format Version 12.00
# Visual Studio Version 17
VisualStudioVersion = 17.3.32929.385
MinimumVisualStudioVersion = 10.0.40219.1
Project("{8BC9CEB8-8B4A-11D0-8D11-00A0C91BC942}") = "HelloWorld", "HelloWorld\HelloWorld.vcxproj", "{25C5A625-9919-44B4-AF29-A457AA6429F6}"
EndProject
Global
	GlobalSection(SolutionConfigurationPlatforms) = preSolution
		Debug|Any CPU = Debug|Any CPU
		Debug|x64 = Debug|x64
		Debug|x86 = Debug|x86
		Release|Any CPU = Release|Any CPU
		Release|x64 = Release|x64
		Release|x86 = Release|x86
	EndGlobalSection
	GlobalSection(ProjectConfigurationPlatforms) = postSolution
		{25C5A625-9919-44B4-AF29-A457AA6429F6}.Debug|Any CPU.ActiveCfg = Debug|x64
		{25C5A625-9919-44B4-AF29-A457AA6429F6}.Debug|Any CPU.Build.0 = Debug|x64
		{25C5A625-9919-44B4-AF29-A457AA6429F6}.Debug|x64.ActiveCfg = Debug|x64
		{25C5A625-9919-44B4-AF29-A457AA6429F6}.Debug|x64.Build.0 = Debug|x64
		{25C5A625-9919-44B4-AF29-A457AA6429F6}.Debug|x86.ActiveCfg = Debug|Win32
		{25C5A625-9919-44B4-AF29-A457AA6429F6}.Debug|x86.Build.0 = Debug|Win32
		{25C5A625-9919-44B4-AF29-A457AA6429F6}.Release|Any CPU.ActiveCfg = Release|x64
		{25C5A625-9919-44B4-AF29-A457AA6429F6}.Release|Any CPU.Build.0 = Release|x64
		{25C5A625-9919-44B4-AF29-A457AA6429F6}.Release|x64.ActiveCfg = Release|x64
		{25C5A625-9919-44B4-AF29-A457AA6429F6}.Release|x64.Build.0 = Release|x64
		{25C5A625-9919-44B4-AF29-A457AA6429F6}.Release|x86.ActiveCfg = Release|Win32
		{25C5A625-9919-44B4-AF29-A457AA6429F6}.Release|x86.Build.0 = Release|Win32
	EndGlobalSection
	GlobalSection(SolutionProperties) = preSolution
		HideSolutionNode = FALSE
	EndGlobalSection
	GlobalSection(ExtensibilityGlobals) = postSolution
		SolutionGuid = {73BCEC8E-6D0C-4D46-9347-6229195CABA0}
	EndGlobalSection
EndGlobal
