
Microsoft Visual Studio Solution File, Format Version 12.00
# Visual Studio Version 17
VisualStudioVersion = 17.3.32929.385
MinimumVisualStudioVersion = 10.0.40219.1
Project("{00D1A9C2-B5F0-4AF3-8072-F6C62B433612}") = "Database1", "Database1\Database1.sqlproj", "{F032E771-99BF-4453-95D2-921BE65ADF10}"
EndProject
Global
	GlobalSection(SolutionConfigurationPlatforms) = preSolution
		Debug|Any CPU = Debug|Any CPU
		Release|Any CPU = Release|Any CPU
	EndGlobalSection
	GlobalSection(ProjectConfigurationPlatforms) = postSolution
		{F032E771-99BF-4453-95D2-921BE65ADF10}.Debug|Any CPU.ActiveCfg = Debug|Any CPU
		{F032E771-99BF-4453-95D2-921BE65ADF10}.Debug|Any CPU.Build.0 = Debug|Any CPU
		{F032E771-99BF-4453-95D2-921BE65ADF10}.Debug|Any CPU.Deploy.0 = Debug|Any CPU
		{F032E771-99BF-4453-95D2-921BE65ADF10}.Release|Any CPU.ActiveCfg = Release|Any CPU
		{F032E771-99BF-4453-95D2-921BE65ADF10}.Release|Any CPU.Build.0 = Release|Any CPU
		{F032E771-99BF-4453-95D2-921BE65ADF10}.Release|Any CPU.Deploy.0 = Release|Any CPU
	EndGlobalSection
	GlobalSection(SolutionProperties) = preSolution
		HideSolutionNode = FALSE
	EndGlobalSection
	GlobalSection(ExtensibilityGlobals) = postSolution
		SolutionGuid = {8768B013-555B-4A5E-A741-8BDA1777070A}
	EndGlobalSection
EndGlobal
